
Microsoft Visual Studio Solution File, Format Version 12.00
# Visual Studio Version 16
VisualStudioVersion = 16.0.30225.117
MinimumVisualStudioVersion = 10.0.40219.1
Project("{9A19103F-16F7-4668-BE54-9A1E7A4F7556}") = "web-manager", "web-manager\web-manager.csproj", "{9D4872CC-B836-4F1E-8938-96F57D548979}"
EndProject
Project("{FAE04EC0-301F-11D3-BF4B-00C04F79EFBC}") = "model-manager", "model-manager\model-manager.csproj", "{BE01F88E-C1D1-4E4E-8FD0-4A550CF0C7EA}"
EndProject
Global
	GlobalSection(SolutionConfigurationPlatforms) = preSolution
		Debug|Any CPU = Debug|Any CPU
		Release|Any CPU = Release|Any CPU
	EndGlobalSection
	GlobalSection(ProjectConfigurationPlatforms) = postSolution
		{9D4872CC-B836-4F1E-8938-96F57D548979}.Debug|Any CPU.ActiveCfg = Debug|Any CPU
		{9D4872CC-B836-4F1E-8938-96F57D548979}.Debug|Any CPU.Build.0 = Debug|Any CPU
		{9D4872CC-B836-4F1E-8938-96F57D548979}.Release|Any CPU.ActiveCfg = Release|Any CPU
		{9D4872CC-B836-4F1E-8938-96F57D548979}.Release|Any CPU.Build.0 = Release|Any CPU
		{BE01F88E-C1D1-4E4E-8FD0-4A550CF0C7EA}.Debug|Any CPU.ActiveCfg = Debug|Any CPU
		{BE01F88E-C1D1-4E4E-8FD0-4A550CF0C7EA}.Debug|Any CPU.Build.0 = Debug|Any CPU
		{BE01F88E-C1D1-4E4E-8FD0-4A550CF0C7EA}.Release|Any CPU.ActiveCfg = Release|Any CPU
		{BE01F88E-C1D1-4E4E-8FD0-4A550CF0C7EA}.Release|Any CPU.Build.0 = Release|Any CPU
	EndGlobalSection
	GlobalSection(SolutionProperties) = preSolution
		HideSolutionNode = FALSE
	EndGlobalSection
	GlobalSection(ExtensibilityGlobals) = postSolution
		SolutionGuid = {356AB395-C48B-4659-8989-A42208EDF8FE}
	EndGlobalSection
EndGlobal
